
Microsoft Visual Studio Solution File, Format Version 12.00
# Visual Studio Version 16
VisualStudioVersion = 16.0.29613.14
MinimumVisualStudioVersion = 10.0.40219.1
Project("{FAE04EC0-301F-11D3-BF4B-00C04F79EFBC}") = "ECommerceApp.Entities", "ECommerceApp.Entities\ECommerceApp.Entities.csproj", "{A4E23A1C-B984-41BB-A033-2ED07D09194A}"
EndProject
Project("{FAE04EC0-301F-11D3-BF4B-00C04F79EFBC}") = "ECommerceApp.Bll", "ECommerceApp.Bll\ECommerceApp.Bll.csproj", "{2F566260-D438-4803-8F2E-2E7AA6846199}"
EndProject
Project("{FAE04EC0-301F-11D3-BF4B-00C04F79EFBC}") = "ECommerceApp.Dal", "ECommerceApp.Dal\ECommerceApp.Dal.csproj", "{0EB5A300-F04D-486E-A4E0-1ED4B1BB5C34}"
EndProject
Project("{FAE04EC0-301F-11D3-BF4B-00C04F79EFBC}") = "ECommerceApp.Interfaces", "ECommerceApp.Interfaces\ECommerceApp.Interfaces.csproj", "{60ECC2D4-CBD7-428D-A544-00B88DEE39D1}"
EndProject
Project("{FAE04EC0-301F-11D3-BF4B-00C04F79EFBC}") = "ECommerceApp.MVCWebUI", "ECommerceApp.MVCWebUI\ECommerceApp.MVCWebUI.csproj", "{FEB3ADA8-9283-4859-8D12-6336D92DF8C3}"
EndProject
Project("{FAE04EC0-301F-11D3-BF4B-00C04F79EFBC}") = "ECommerceApp.MVCWebUI.Tests", "ECommerceApp.MVCWebUI.Tests\ECommerceApp.MVCWebUI.Tests.csproj", "{A5357D63-28B5-4E50-B67F-AE6332B64167}"
EndProject
Global
	GlobalSection(SolutionConfigurationPlatforms) = preSolution
		Debug|Any CPU = Debug|Any CPU
		Release|Any CPU = Release|Any CPU
	EndGlobalSection
	GlobalSection(ProjectConfigurationPlatforms) = postSolution
		{A4E23A1C-B984-41BB-A033-2ED07D09194A}.Debug|Any CPU.ActiveCfg = Debug|Any CPU
		{A4E23A1C-B984-41BB-A033-2ED07D09194A}.Debug|Any CPU.Build.0 = Debug|Any CPU
		{A4E23A1C-B984-41BB-A033-2ED07D09194A}.Release|Any CPU.ActiveCfg = Release|Any CPU
		{A4E23A1C-B984-41BB-A033-2ED07D09194A}.Release|Any CPU.Build.0 = Release|Any CPU
		{2F566260-D438-4803-8F2E-2E7AA6846199}.Debug|Any CPU.ActiveCfg = Debug|Any CPU
		{2F566260-D438-4803-8F2E-2E7AA6846199}.Debug|Any CPU.Build.0 = Debug|Any CPU
		{2F566260-D438-4803-8F2E-2E7AA6846199}.Release|Any CPU.ActiveCfg = Release|Any CPU
		{2F566260-D438-4803-8F2E-2E7AA6846199}.Release|Any CPU.Build.0 = Release|Any CPU
		{0EB5A300-F04D-486E-A4E0-1ED4B1BB5C34}.Debug|Any CPU.ActiveCfg = Debug|Any CPU
		{0EB5A300-F04D-486E-A4E0-1ED4B1BB5C34}.Debug|Any CPU.Build.0 = Debug|Any CPU
		{0EB5A300-F04D-486E-A4E0-1ED4B1BB5C34}.Release|Any CPU.ActiveCfg = Release|Any CPU
		{0EB5A300-F04D-486E-A4E0-1ED4B1BB5C34}.Release|Any CPU.Build.0 = Release|Any CPU
		{60ECC2D4-CBD7-428D-A544-00B88DEE39D1}.Debug|Any CPU.ActiveCfg = Debug|Any CPU
		{60ECC2D4-CBD7-428D-A544-00B88DEE39D1}.Debug|Any CPU.Build.0 = Debug|Any CPU
		{60ECC2D4-CBD7-428D-A544-00B88DEE39D1}.Release|Any CPU.ActiveCfg = Release|Any CPU
		{60ECC2D4-CBD7-428D-A544-00B88DEE39D1}.Release|Any CPU.Build.0 = Release|Any CPU
		{FEB3ADA8-9283-4859-8D12-6336D92DF8C3}.Debug|Any CPU.ActiveCfg = Debug|Any CPU
		{FEB3ADA8-9283-4859-8D12-6336D92DF8C3}.Debug|Any CPU.Build.0 = Debug|Any CPU
		{FEB3ADA8-9283-4859-8D12-6336D92DF8C3}.Release|Any CPU.ActiveCfg = Release|Any CPU
		{FEB3ADA8-9283-4859-8D12-6336D92DF8C3}.Release|Any CPU.Build.0 = Release|Any CPU
		{A5357D63-28B5-4E50-B67F-AE6332B64167}.Debug|Any CPU.ActiveCfg = Debug|Any CPU
		{A5357D63-28B5-4E50-B67F-AE6332B64167}.Debug|Any CPU.Build.0 = Debug|Any CPU
		{A5357D63-28B5-4E50-B67F-AE6332B64167}.Release|Any CPU.ActiveCfg = Release|Any CPU
		{A5357D63-28B5-4E50-B67F-AE6332B64167}.Release|Any CPU.Build.0 = Release|Any CPU
	EndGlobalSection
	GlobalSection(SolutionProperties) = preSolution
		HideSolutionNode = FALSE
	EndGlobalSection
	GlobalSection(ExtensibilityGlobals) = postSolution
		SolutionGuid = {66EC26D2-44ED-4E77-9B53-76E15E64FEF7}
	EndGlobalSection
EndGlobal
